
Microsoft Visual Studio Solution File, Format Version 12.00
# Visual Studio Version 17
VisualStudioVersion = 17.8.34330.188
MinimumVisualStudioVersion = 10.0.40219.1
Project("{FAE04EC0-301F-11D3-BF4B-00C04F79EFBC}") = "Tic tac toe games", "Tic tac toe games\Tic tac toe games.csproj", "{025550B3-447E-4C19-8F8B-48CAA3F4F61A}"
EndProject
Global
	GlobalSection(SolutionConfigurationPlatforms) = preSolution
		Debug|Any CPU = Debug|Any CPU
		Release|Any CPU = Release|Any CPU
	EndGlobalSection
	GlobalSection(ProjectConfigurationPlatforms) = postSolution
		{025550B3-447E-4C19-8F8B-48CAA3F4F61A}.Debug|Any CPU.ActiveCfg = Debug|Any CPU
		{025550B3-447E-4C19-8F8B-48CAA3F4F61A}.Debug|Any CPU.Build.0 = Debug|Any CPU
		{025550B3-447E-4C19-8F8B-48CAA3F4F61A}.Release|Any CPU.ActiveCfg = Release|Any CPU
		{025550B3-447E-4C19-8F8B-48CAA3F4F61A}.Release|Any CPU.Build.0 = Release|Any CPU
	EndGlobalSection
	GlobalSection(SolutionProperties) = preSolution
		HideSolutionNode = FALSE
	EndGlobalSection
	GlobalSection(ExtensibilityGlobals) = postSolution
		SolutionGuid = {DE6D3FAF-5786-42C3-9FBF-F452C714BFA4}
	EndGlobalSection
EndGlobal
